{
  "version": "4",
  "specifiers": {
    "jsr:@babia/uuid-v7@0.2": "0.2.0",
    "jsr:@hono/hono@^4.7.2": "4.7.2",
    "jsr:@std/assert@1": "1.0.11",
    "jsr:@std/bytes@^1.0.2": "1.0.5",
    "jsr:@std/crypto@^1.0.3": "1.0.4",
    "jsr:@std/internal@^1.0.5": "1.0.5",
    "jsr:@std/uuid@^1.0.4": "1.0.4",
    "npm:@hono/swagger-ui@*": "0.5.0_hono@4.7.2",
    "npm:@hono/zod-validator@*": "0.4.3_hono@4.7.2_zod@3.24.2",
    "npm:effect@^3.13.4": "3.13.4",
    "npm:hono@*": "4.7.2",
    "npm:zod@*": "3.24.2",
    "npm:zod@^3.24.2": "3.24.2"
  },
  "jsr": {
    "@babia/uuid-v7@0.2.0": {
      "integrity": "d911b42ce9ede1b579269a25d44cecad1eb1fccd2bdef95960809fc3a5aaa3b6"
    },
    "@hono/hono@4.7.2": {
      "integrity": "73466a24bd6eb3b527cde18e59ca5543890ddacb4312fc0bc7504d28a7e57a38"
    },
    "@std/assert@1.0.11": {
      "integrity": "2461ef3c368fe88bc60e186e7744a93112f16fd110022e113a0849e94d1c83c1",
      "dependencies": [
        "jsr:@std/internal"
      ]
    },
    "@std/bytes@1.0.5": {
      "integrity": "4465dd739d7963d964c809202ebea6d5c6b8e3829ef25c6a224290fbb8a1021e"
    },
    "@std/crypto@1.0.4": {
      "integrity": "cee245c453bd5366207f4d8aa25ea3e9c86cecad2be3fefcaa6cb17203d79340"
    },
    "@std/internal@1.0.5": {
      "integrity": "54a546004f769c1ac9e025abd15a76b6671ddc9687e2313b67376125650dc7ba"
    },
    "@std/uuid@1.0.4": {
      "integrity": "f4233149cc8b4753cc3763fd83a7c4101699491f55c7be78dc7b30281946d7a0",
      "dependencies": [
        "jsr:@std/bytes",
        "jsr:@std/crypto"
      ]
    }
  },
  "npm": {
    "@hono/swagger-ui@0.5.0_hono@4.7.2": {
      "integrity": "sha512-MWYYSv9kC8IwFBLZdwgZZMT9zUq2C/4/ekuyEYOkHEgUMqu+FG3eebtBZ4ofMh60xYRxRR2BgQGoNIILys/PFg==",
      "dependencies": [
        "hono"
      ]
    },
    "@hono/zod-validator@0.4.3_hono@4.7.2_zod@3.24.2": {
      "integrity": "sha512-xIgMYXDyJ4Hj6ekm9T9Y27s080Nl9NXHcJkOvkXPhubOLj8hZkOL8pDnnXfvCf5xEE8Q4oMFenQUZZREUY2gqQ==",
      "dependencies": [
        "hono",
        "zod"
      ]
    },
    "@standard-schema/spec@1.0.0": {
      "integrity": "sha512-m2bOd0f2RT9k8QJx1JN85cZYyH1RqFBdlwtkSlf4tBDYLCiiZnv1fIIwacK6cqwXavOydf0NPToMQgpKq+dVlA=="
    },
    "effect@3.13.4": {
      "integrity": "sha512-XZgCImyBpONuKdsBRk37JfV7242yxTu8r/TcL5ZELIyqRbMYa+Prr86cz1INxXi7iFXfU0havZkCJGyYp1BsiA==",
      "dependencies": [
        "@standard-schema/spec",
        "fast-check"
      ]
    },
    "fast-check@3.23.2": {
      "integrity": "sha512-h5+1OzzfCC3Ef7VbtKdcv7zsstUQwUDlYpUTvjeUsJAssPgLn7QzbboPtL5ro04Mq0rPOsMzl7q5hIbRs2wD1A==",
      "dependencies": [
        "pure-rand"
      ]
    },
    "hono@4.7.2": {
      "integrity": "sha512-8V5XxoOF6SI12jkHkzX/6aLBMU5GEF5g387EjVSQipS0DlxWgWGSMeEayY3CRBjtTUQYwLHx9JYouWqKzy2Vng=="
    },
    "pure-rand@6.1.0": {
      "integrity": "sha512-bVWawvoZoBYpp6yIoQtQXHZjmz35RSVHnUOTefl8Vcjr8snTPY1wnpSPMWekcFwbxI6gtmT7rSYPFvz71ldiOA=="
    },
    "zod@3.24.2": {
      "integrity": "sha512-lY7CDW43ECgW9u1TcT3IoXHflywfVqDYze4waEz812jR/bZ8FHDsl7pFQoSZTz5N+2NqRXs8GBwnAwo3ZNxqhQ=="
    }
  },
  "workspace": {
    "dependencies": [
      "jsr:@babia/uuid-v7@0.2",
      "jsr:@hono/hono@^4.7.2",
      "jsr:@std/assert@1",
      "jsr:@std/uuid@^1.0.4",
      "npm:effect@^3.13.4",
      "npm:zod@^3.24.2"
    ]
  }
}
